{
    "name": "composable",
    "version": "1.0.0",
    "lockfileVersion": 2,
    "requires": true,
    "packages": {
        "": {
            "name": "composable",
            "version": "1.0.0",
            "license": "ISC",
            "dependencies": {
                "stampit": "^4.1.2"
            }
        },
        "node_modules/stampit": {
            "version": "4.3.2",
            "resolved": "https://registry.npmjs.org/stampit/-/stampit-4.3.2.tgz",
            "integrity": "sha512-pE2org1+ZWQBnIxRPrBM2gVupkuDD0TTNIo1H6GdT/vO82NXli2z8lRE8cu/nBIHrcOCXFBAHpb9ZldrB2/qOA=="
        }
    },
    "dependencies": {
        "stampit": {
            "version": "4.3.2",
            "resolved": "https://registry.npmjs.org/stampit/-/stampit-4.3.2.tgz",
            "integrity": "sha512-pE2org1+ZWQBnIxRPrBM2gVupkuDD0TTNIo1H6GdT/vO82NXli2z8lRE8cu/nBIHrcOCXFBAHpb9ZldrB2/qOA=="
        }
    }
}
