{
    "name": "16_state",
    "version": "1.0.0",
    "lockfileVersion": 2,
    "requires": true,
    "packages": {
        "": {
            "name": "16_state",
            "version": "1.0.0",
            "license": "ISC",
            "dependencies": {
                "json-over-tcp": "^0.3.2"
            }
        },
        "node_modules/its": {
            "version": "1.0.2",
            "resolved": "https://registry.npmjs.org/its/-/its-1.0.2.tgz",
            "integrity": "sha512-9tMg7FFCxqgmxjSam2dfTC2krBCq8ctF0+72l0O+bZiBp3+RegFBVl2hP04skXdSS+OM51IwpW5LDuRl+y4Npw=="
        },
        "node_modules/json-over-tcp": {
            "version": "0.3.2",
            "resolved": "https://registry.npmjs.org/json-over-tcp/-/json-over-tcp-0.3.2.tgz",
            "integrity": "sha512-RK6oI8RlGMze85EkeiWaf7fhtALJT2sjGQDgZPaHeAQDa38VlbqKiofCdsQJuY14J35ExEACmR/R+M6dXuVJRg==",
            "dependencies": {
                "its": "~1.0.0"
            },
            "engines": {
                "node": "*"
            }
        }
    },
    "dependencies": {
        "its": {
            "version": "1.0.2",
            "resolved": "https://registry.npmjs.org/its/-/its-1.0.2.tgz",
            "integrity": "sha512-9tMg7FFCxqgmxjSam2dfTC2krBCq8ctF0+72l0O+bZiBp3+RegFBVl2hP04skXdSS+OM51IwpW5LDuRl+y4Npw=="
        },
        "json-over-tcp": {
            "version": "0.3.2",
            "resolved": "https://registry.npmjs.org/json-over-tcp/-/json-over-tcp-0.3.2.tgz",
            "integrity": "sha512-RK6oI8RlGMze85EkeiWaf7fhtALJT2sjGQDgZPaHeAQDa38VlbqKiofCdsQJuY14J35ExEACmR/R+M6dXuVJRg==",
            "requires": {
                "its": "~1.0.0"
            }
        }
    }
}
